
Microsoft Visual Studio Solution File, Format Version 12.00
# Visual Studio Version 17
VisualStudioVersion = 17.3.32929.385
MinimumVisualStudioVersion = 10.0.40219.1
Project("{FAE04EC0-301F-11D3-BF4B-00C04F79EFBC}") = "SQLiteLib", "SQLiteLib.csproj", "{531B293D-4C65-4D7E-950A-5F754AC0D91D}"
EndProject
Global
	GlobalSection(SolutionConfigurationPlatforms) = preSolution
		Debug|Any CPU = Debug|Any CPU
		Release|Any CPU = Release|Any CPU
	EndGlobalSection
	GlobalSection(ProjectConfigurationPlatforms) = postSolution
		{531B293D-4C65-4D7E-950A-5F754AC0D91D}.Debug|Any CPU.ActiveCfg = Debug|Any CPU
		{531B293D-4C65-4D7E-950A-5F754AC0D91D}.Debug|Any CPU.Build.0 = Debug|Any CPU
		{531B293D-4C65-4D7E-950A-5F754AC0D91D}.Release|Any CPU.ActiveCfg = Release|Any CPU
		{531B293D-4C65-4D7E-950A-5F754AC0D91D}.Release|Any CPU.Build.0 = Release|Any CPU
	EndGlobalSection
	GlobalSection(SolutionProperties) = preSolution
		HideSolutionNode = FALSE
	EndGlobalSection
	GlobalSection(ExtensibilityGlobals) = postSolution
		SolutionGuid = {7F142738-B9E3-4849-B887-4D4A4A6475B3}
	EndGlobalSection
EndGlobal
